
Microsoft Visual Studio Solution File, Format Version 11.00
# Visual Studio 2010
Project("{8BC9CEB8-8B4A-11D0-8D11-00A0C91BC942}") = "Paizhaoyi_Project", "Paizhaoyi_Project\Paizhaoyi_Project.vcxproj", "{692A3FC7-017F-4AB3-BFF9-EA4FE1CD88EE}"
EndProject
Project("{8BC9CEB8-8B4A-11D0-8D11-00A0C91BC942}") = "Paizhaoyi_Network", "Paizhaoyi_Network\Paizhaoyi_Network.vcxproj", "{519D0B2A-9462-48DE-B67E-CCB40011D4D1}"
EndProject
Project("{8BC9CEB8-8B4A-11D0-8D11-00A0C91BC942}") = "Paizhaoyi_NetProtocal", "Paizhaoyi_NetProtocal\Paizhaoyi_NetProtocal.vcxproj", "{C7CB6D48-7C40-4275-A845-88410B041508}"
EndProject
Project("{8BC9CEB8-8B4A-11D0-8D11-00A0C91BC942}") = "Paizhaoyi_Log", "Paizhaoyi_Log\Paizhaoyi_Log.vcxproj", "{88A4EBDA-9C4C-442C-A9AE-2418EF65EFDC}"
EndProject
Project("{8BC9CEB8-8B4A-11D0-8D11-00A0C91BC942}") = "Paizhaoyi_Model", "Paizhaoyi_Model\Paizhaoyi_Model.vcxproj", "{840D27E9-BA71-4177-8412-036B51E43D76}"
EndProject
Project("{8BC9CEB8-8B4A-11D0-8D11-00A0C91BC942}") = "Paizhaoyi_DBProtocal", "Paizhaoyi_DBProtocal\Paizhaoyi_DBProtocal.vcxproj", "{54EC1239-B0A5-48A4-BB0E-C7C58E63E80C}"
EndProject
Global
	GlobalSection(SolutionConfigurationPlatforms) = preSolution
		Debug|Win32 = Debug|Win32
		Release|Win32 = Release|Win32
	EndGlobalSection
	GlobalSection(ProjectConfigurationPlatforms) = postSolution
		{692A3FC7-017F-4AB3-BFF9-EA4FE1CD88EE}.Debug|Win32.ActiveCfg = Debug|Win32
		{692A3FC7-017F-4AB3-BFF9-EA4FE1CD88EE}.Debug|Win32.Build.0 = Debug|Win32
		{692A3FC7-017F-4AB3-BFF9-EA4FE1CD88EE}.Release|Win32.ActiveCfg = Release|Win32
		{692A3FC7-017F-4AB3-BFF9-EA4FE1CD88EE}.Release|Win32.Build.0 = Release|Win32
		{519D0B2A-9462-48DE-B67E-CCB40011D4D1}.Debug|Win32.ActiveCfg = Debug|Win32
		{519D0B2A-9462-48DE-B67E-CCB40011D4D1}.Debug|Win32.Build.0 = Debug|Win32
		{519D0B2A-9462-48DE-B67E-CCB40011D4D1}.Release|Win32.ActiveCfg = Release|Win32
		{519D0B2A-9462-48DE-B67E-CCB40011D4D1}.Release|Win32.Build.0 = Release|Win32
		{C7CB6D48-7C40-4275-A845-88410B041508}.Debug|Win32.ActiveCfg = Debug|Win32
		{C7CB6D48-7C40-4275-A845-88410B041508}.Debug|Win32.Build.0 = Debug|Win32
		{C7CB6D48-7C40-4275-A845-88410B041508}.Release|Win32.ActiveCfg = Release|Win32
		{C7CB6D48-7C40-4275-A845-88410B041508}.Release|Win32.Build.0 = Release|Win32
		{88A4EBDA-9C4C-442C-A9AE-2418EF65EFDC}.Debug|Win32.ActiveCfg = Debug|Win32
		{88A4EBDA-9C4C-442C-A9AE-2418EF65EFDC}.Debug|Win32.Build.0 = Debug|Win32
		{88A4EBDA-9C4C-442C-A9AE-2418EF65EFDC}.Release|Win32.ActiveCfg = Release|Win32
		{88A4EBDA-9C4C-442C-A9AE-2418EF65EFDC}.Release|Win32.Build.0 = Release|Win32
		{840D27E9-BA71-4177-8412-036B51E43D76}.Debug|Win32.ActiveCfg = Debug|Win32
		{840D27E9-BA71-4177-8412-036B51E43D76}.Debug|Win32.Build.0 = Debug|Win32
		{840D27E9-BA71-4177-8412-036B51E43D76}.Release|Win32.ActiveCfg = Release|Win32
		{840D27E9-BA71-4177-8412-036B51E43D76}.Release|Win32.Build.0 = Release|Win32
		{54EC1239-B0A5-48A4-BB0E-C7C58E63E80C}.Debug|Win32.ActiveCfg = Debug|Win32
		{54EC1239-B0A5-48A4-BB0E-C7C58E63E80C}.Debug|Win32.Build.0 = Debug|Win32
		{54EC1239-B0A5-48A4-BB0E-C7C58E63E80C}.Release|Win32.ActiveCfg = Release|Win32
		{54EC1239-B0A5-48A4-BB0E-C7C58E63E80C}.Release|Win32.Build.0 = Release|Win32
	EndGlobalSection
	GlobalSection(SolutionProperties) = preSolution
		HideSolutionNode = FALSE
	EndGlobalSection
EndGlobal
